PODS:
  - React/ART (0.36.0):
    - React/Core
  - React/Core (0.36.0)
  - React/RCTActionSheet (0.36.0):
    - React/Core
  - React/RCTAdSupport (0.36.0):
    - React/Core
  - React/RCTAnimation (0.36.0):
    - React/Core
  - React/RCTCameraRoll (0.36.0):
    - React/Core
    - React/RCTImage
  - React/RCTGeolocation (0.36.0):
    - React/Core
  - React/RCTImage (0.36.0):
    - React/Core
    - React/RCTNetwork
  - React/RCTLinkingIOS (0.36.0):
    - React/Core
  - React/RCTNetwork (0.36.0):
    - React/Core
  - React/RCTPushNotification (0.36.0):
    - React/Core
  - React/RCTSettings (0.36.0):
    - React/Core
  - React/RCTText (0.36.0):
    - React/Core
  - React/RCTVibration (0.36.0):
    - React/Core
  - React/RCTWebSocket (0.36.0):
    - React/Core

DEPENDENCIES:
  - React/ART (from `../node_modules/react-native`)
  - React/Core (from `../node_modules/react-native`)
  - React/RCTActionSheet (from `../node_modules/react-native`)
  - React/RCTAdSupport (from `../node_modules/react-native`)
  - React/RCTAnimation (from `../node_modules/react-native`)
  - React/RCTCameraRoll (from `../node_modules/react-native`)
  - React/RCTGeolocation (from `../node_modules/react-native`)
  - React/RCTImage (from `../node_modules/react-native`)
  - React/RCTLinkingIOS (from `../node_modules/react-native`)
  - React/RCTNetwork (from `../node_modules/react-native`)
  - React/RCTPushNotification (from `../node_modules/react-native`)
  - React/RCTSettings (from `../node_modules/react-native`)
  - React/RCTText (from `../node_modules/react-native`)
  - React/RCTVibration (from `../node_modules/react-native`)
  - React/RCTWebSocket (from `../node_modules/react-native`)

EXTERNAL SOURCES:
  React:
    :path: "../node_modules/react-native"

SPEC CHECKSUMS:
  React: 01dc10a6bec41af17a89c66298357f6621e58d5f

PODFILE CHECKSUM: efab0e041fcf7f274533d5b6053f935e23ff6103

COCOAPODS: 1.0.1
